// !$*UTF8*$!
{
	archiveVersion = 1;
	classes = {
	};
	objectVersion = 48;
	objects = {

/* Begin PBXBuildFile section */
		124759E11FCADDCC00849586 /* AppDelegate.swift in Sources */ = {isa = PBXBuildFile; fileRef = 124759E01FCADDCC00849586 /* AppDelegate.swift */; };
		124759E31FCADDCC00849586 /* ViewController.swift in Sources */ = {isa = PBXBuildFile; fileRef = 124759E21FCADDCC00849586 /* ViewController.swift */; };
		124759E61FCADDCC00849586 /* Main.storyboard in Resources */ = {isa = PBXBuildFile; fileRef = 124759E41FCADDCC00849586 /* Main.storyboard */; };
		124759E81FCADDCC00849586 /* Assets.xcassets in Resources */ = {isa = PBXBuildFile; fileRef = 124759E71FCADDCC00849586 /* Assets.xcassets */; };
		124759EB1FCADDCC00849586 /* LaunchScreen.storyboard in Resources */ = {isa = PBXBuildFile; fileRef = 124759E91FCADDCC00849586 /* LaunchScreen.storyboard */; };
/* End PBXBuildFile section */

/* Begin PBXFileReference section */
		124759DD1FCADDCC00849586 /* Color Make App (with Sliders).app */ = {isa = PBXFileReference; explicitFileType = wrapper.application; includeInIndex = 0; path = "Color Make App (with Sliders).app"; sourceTree = BUILT_PRODUCTS_DIR; };
		124759E01FCADDCC00849586 /* AppDelegate.swift */ = {isa = PBXFileReference; lastKnownFileType = sourcecode.swift; path = AppDelegate.swift; sourceTree = "<group>"; };
		124759E21FCADDCC00849586 /* ViewController.swift */ = {isa = PBXFileReference; lastKnownFileType = sourcecode.swift; path = ViewController.swift; sourceTree = "<group>"; };
		124759E51FCADDCC00849586 /* Base */ = {isa = PBXFileReference; lastKnownFileType = file.storyboard; name = Base; path = Base.lproj/Main.storyboard; sourceTree = "<group>"; };
		124759E71FCADDCC00849586 /* Assets.xcassets */ = {isa = PBXFileReference; lastKnownFileType = folder.assetcatalog; path = Assets.xcassets; sourceTree = "<group>"; };
		124759EA1FCADDCC00849586 /* Base */ = {isa = PBXFileReference; lastKnownFileType = file.storyboard; name = Base; path = Base.lproj/LaunchScreen.storyboard; sourceTree = "<group>"; };
		124759EC1FCADDCC00849586 /* Info.plist */ = {isa = PBXFileReference; lastKnownFileType = text.plist.xml; path = Info.plist; sourceTree = "<group>"; };
/* End PBXFileReference section */

/* Begin PBXFrameworksBuildPhase section */
		124759DA1FCADDCC00849586 /* Frameworks */ = {
			isa = PBXFrameworksBuildPhase;
			buildActionMask = 2147483647;
			files = (
			);
			runOnlyForDeploymentPostprocessing = 0;
		};
/* End PBXFrameworksBuildPhase section */

/* Begin PBXGroup section */
		124759D41FCADDCC00849586 = {
			isa = PBXGroup;
			children = (
				124759DF1FCADDCC00849586 /* Color Make App (with Sliders) */,
				124759DE1FCADDCC00849586 /* Products */,
			);
			sourceTree = "<group>";
		};
		124759DE1FCADDCC00849586 /* Products */ = {
			isa = PBXGroup;
			children = (
				124759DD1FCADDCC00849586 /* Color Make App (with Sliders).app */,
			);
			name = Products;
			sourceTree = "<group>";
		};
		124759DF1FCADDCC00849586 /* Color Make App (with Sliders) */ = {
			isa = PBXGroup;
			children = (
				124759E01FCADDCC00849586 /* AppDelegate.swift */,
				124759E21FCADDCC00849586 /* ViewController.swift */,
				124759E41FCADDCC00849586 /* Main.storyboard */,
				124759E71FCADDCC00849586 /* Assets.xcassets */,
				124759E91FCADDCC00849586 /* LaunchScreen.storyboard */,
				124759EC1FCADDCC00849586 /* Info.plist */,
			);
			path = "Color Make App (with Sliders)";
			sourceTree = "<group>";
		};
/* End PBXGroup section */

/* Begin PBXNativeTarget section */
		124759DC1FCADDCC00849586 /* Color Make App (with Sliders) */ = {
			isa = PBXNativeTarget;
			buildConfigurationList = 124759EF1FCADDCC00849586 /* Build configuration list for PBXNativeTarget "Color Make App (with Sliders)" */;
			buildPhases = (
				124759D91FCADDCC00849586 /* Sources */,
				124759DA1FCADDCC00849586 /* Frameworks */,
				124759DB1FCADDCC00849586 /* Resources */,
			);
			buildRules = (
			);
			dependencies = (
			);
			name = "Color Make App (with Sliders)";
			productName = "Color Make App (with Sliders)";
			productReference = 124759DD1FCADDCC00849586 /* Color Make App (with Sliders).app */;
			productType = "com.apple.product-type.application";
		};
/* End PBXNativeTarget section */

/* Begin PBXProject section */
		124759D51FCADDCC00849586 /* Project object */ = {
			isa = PBXProject;
			attributes = {
				LastSwiftUpdateCheck = 0900;
				LastUpgradeCheck = 0900;
				ORGANIZATIONNAME = "Oguz Doger";
				TargetAttributes = {
					124759DC1FCADDCC00849586 = {
						CreatedOnToolsVersion = 9.0;
					};
				};
			};
			buildConfigurationList = 124759D81FCADDCC00849586 /* Build configuration list for PBXProject "Color Make App (with Sliders)" */;
			compatibilityVersion = "Xcode 8.0";
			developmentRegion = en;
			hasScannedForEncodings = 0;
			knownRegions = (
				en,
				Base,
			);
			mainGroup = 124759D41FCADDCC00849586;
			productRefGroup = 124759DE1FCADDCC00849586 /* Products */;
			projectDirPath = "";
			projectRoot = "";
			targets = (
				124759DC1FCADDCC00849586 /* Color Make App (with Sliders) */,
			);
		};
/* End PBXProject section */

/* Begin PBXResourcesBuildPhase section */
		124759DB1FCADDCC00849586 /* Resources */ = {
			isa = PBXResourcesBuildPhase;
			buildActionMask = 2147483647;
			files = (
				124759EB1FCADDCC00849586 /* LaunchScreen.storyboard in Resources */,
				124759E81FCADDCC00849586 /* Assets.xcassets in Resources */,
				124759E61FCADDCC00849586 /* Main.storyboard in Resources */,
			);
			runOnlyForDeploymentPostprocessing = 0;
		};
/* End PBXResourcesBuildPhase section */

/* Begin PBXSourcesBuildPhase section */
		124759D91FCADDCC00849586 /* Sources */ = {
			isa = PBXSourcesBuildPhase;
			buildActionMask = 2147483647;
			files = (
				124759E31FCADDCC00849586 /* ViewController.swift in Sources */,
				124759E11FCADDCC00849586 /* AppDelegate.swift in Sources */,
			);
			runOnlyForDeploymentPostprocessing = 0;
		};
/* End PBXSourcesBuildPhase section */

/* Begin PBXVariantGroup section */
		124759E41FCADDCC00849586 /* Main.storyboard */ = {
			isa = PBXVariantGroup;
			children = (
				124759E51FCADDCC00849586 /* Base */,
			);
			name = Main.storyboard;
			sourceTree = "<group>";
		};
		124759E91FCADDCC00849586 /* LaunchScreen.storyboard */ = {
			isa = PBXVariantGroup;
			children = (
				124759EA1FCADDCC00849586 /* Base */,
			);
			name = LaunchScreen.storyboard;
			sourceTree = "<group>";
		};
/* End PBXVariantGroup section */

/* Begin XCBuildConfiguration section */
		124759ED1FCADDCC00849586 /* Debug */ = {
			isa = XCBuildConfiguration;
			buildSettings = {
				ALWAYS_SEARCH_USER_PATHS = NO;
				CLANG_ANALYZER_NONNULL = YES;
				CLANG_ANALYZER_NUMBER_OBJECT_CONVERSION = YES_AGGRESSIVE;
				CLANG_CXX_LANGUAGE_STANDARD = "gnu++14";
				CLANG_CXX_LIBRARY = "libc++";
				CLANG_ENABLE_MODULES = YES;
				CLANG_ENABLE_OBJC_ARC = YES;
				CLANG_WARN_BLOCK_CAPTURE_AUTORELEASING = YES;
				CLANG_WARN_BOOL_CONVERSION = YES;
				CLANG_WARN_COMMA = YES;
				CLANG_WARN_CONSTANT_CONVERSION = YES;
				CLANG_WARN_DIRECT_OBJC_ISA_USAGE = YES_ERROR;
				CLANG_WARN_DOCUMENTATION_COMMENTS = YES;
				CLANG_WARN_EMPTY_BODY = YES;
				CLANG_WARN_ENUM_CONVERSION = YES;
				CLANG_WARN_INFINITE_RECURSION = YES;
				CLANG_WARN_INT_CONVERSION = YES;
				CLANG_WARN_NON_LITERAL_NULL_CONVERSION = YES;
				CLANG_WARN_OBJC_LITERAL_CONVERSION = YES;
				CLANG_WARN_OBJC_ROOT_CLASS = YES_ERROR;
				CLANG_WARN_RANGE_LOOP_ANALYSIS = YES;
				CLANG_WARN_STRICT_PROTOTYPES = YES;
				CLANG_WARN_SUSPICIOUS_MOVE = YES;
				CLANG_WARN_UNGUARDED_AVAILABILITY = YES_AGGRESSIVE;
				CLANG_WARN_UNREACHABLE_CODE = YES;
				CLANG_WARN__DUPLICATE_METHOD_MATCH = YES;
				CODE_SIGN_IDENTITY = "iPhone Developer";
				COPY_PHASE_STRIP = NO;
				DEBUG_INFORMATION_FORMAT = dwarf;
				ENABLE_STRICT_OBJC_MSGSEND = YES;
				ENABLE_TESTABILITY = YES;
				GCC_C_LANGUAGE_STANDARD = gnu11;
				GCC_DYNAMIC_NO_PIC = NO;
				GCC_NO_COMMON_BLOCKS = YES;
				GCC_OPTIMIZATION_LEVEL = 0;
				GCC_PREPROCESSOR_DEFINITIONS = (
					"DEBUG=1",
					"$(inherited)",
				);
				GCC_WARN_64_TO_32_BIT_CONVERSION = YES;
				GCC_WARN_ABOUT_RETURN_TYPE = YES_ERROR;
				GCC_WARN_UNDECLARED_SELECTOR = YES;
				GCC_WARN_UNINITIALIZED_AUTOS = YES_AGGRESSIVE;
				GCC_WARN_UNUSED_FUNCTION = YES;
				GCC_WARN_UNUSED_VARIABLE = YES;
				IPHONEOS_DEPLOYMENT_TARGET = 11.0;
				MTL_ENABLE_DEBUG_INFO = YES;
				ONLY_ACTIVE_ARCH = YES;
				SDKROOT = iphoneos;
				SWIFT_ACTIVE_COMPILATION_CONDITIONS = DEBUG;
				SWIFT_OPTIMIZATION_LEVEL = "-Onone";
			};
			name = Debug;
		};
		124759EE1FCADDCC00849586 /* Release */ = {
			isa = XCBuildConfiguration;
			buildSettings = {
				ALWAYS_SEARCH_USER_PATHS = NO;
				CLANG_ANALYZER_NONNULL = YES;
				CLANG_ANALYZER_NUMBER_OBJECT_CONVERSION = YES_AGGRESSIVE;
				CLANG_CXX_LANGUAGE_STANDARD = "gnu++14";
				CLANG_CXX_LIBRARY = "libc++";
				CLANG_ENABLE_MODULES = YES;
				CLANG_ENABLE_OBJC_ARC = YES;
				CLANG_WARN_BLOCK_CAPTURE_AUTORELEASING = YES;
				CLANG_WARN_BOOL_CONVERSION = YES;
				CLANG_WARN_COMMA = YES;
				CLANG_WARN_CONSTANT_CONVERSION = YES;
				CLANG_WARN_DIRECT_OBJC_ISA_USAGE = YES_ERROR;
				CLANG_WARN_DOCUMENTATION_COMMENTS = YES;
				CLANG_WARN_EMPTY_BODY = YES;
				CLANG_WARN_ENUM_CONVERSION = YES;
				CLANG_WARN_INFINITE_RECURSION = YES;
				CLANG_WARN_INT_CONVERSION = YES;
				CLANG_WARN_NON_LITERAL_NULL_CONVERSION = YES;
				CLANG_WARN_OBJC_LITERAL_CONVERSION = YES;
				CLANG_WARN_OBJC_ROOT_CLASS = YES_ERROR;
				CLANG_WARN_RANGE_LOOP_ANALYSIS = YES;
				CLANG_WARN_STRICT_PROTOTYPES = YES;
				CLANG_WARN_SUSPICIOUS_MOVE = YES;
				CLANG_WARN_UNGUARDED_AVAILABILITY = YES_AGGRESSIVE;
				CLANG_WARN_UNREACHABLE_CODE = YES;
				CLANG_WARN__DUPLICATE_METHOD_MATCH = YES;
				CODE_SIGN_IDENTITY = "iPhone Developer";
				COPY_PHASE_STRIP = NO;
				DEBUG_INFORMATION_FORMAT = "dwarf-with-dsym";
				ENABLE_NS_ASSERTIONS = NO;
				ENABLE_STRICT_OBJC_MSGSEND = YES;
				GCC_C_LANGUAGE_STANDARD = gnu11;
				GCC_NO_COMMON_BLOCKS = YES;
				GCC_WARN_64_TO_32_BIT_CONVERSION = YES;
				GCC_WARN_ABOUT_RETURN_TYPE = YES_ERROR;
				GCC_WARN_UNDECLARED_SELECTOR = YES;
				GCC_WARN_UNINITIALIZED_AUTOS = YES_AGGRESSIVE;
				GCC_WARN_UNUSED_FUNCTION = YES;
				GCC_WARN_UNUSED_VARIABLE = YES;
				IPHONEOS_DEPLOYMENT_TARGET = 11.0;
				MTL_ENABLE_DEBUG_INFO = NO;
				SDKROOT = iphoneos;
				SWIFT_OPTIMIZATION_LEVEL = "-Owholemodule";
				VALIDATE_PRODUCT = YES;
			};
			name = Release;
		};
		124759F01FCADDCC00849586 /* Debug */ = {
			isa = XCBuildConfiguration;
			buildSettings = {
				ASSETCATALOG_COMPILER_APPICON_NAME = AppIcon;
				DEVELOPMENT_TEAM = JN3XMLGCJ3;
				INFOPLIST_FILE = "Color Make App (with Sliders)/Info.plist";
				LD_RUNPATH_SEARCH_PATHS = "$(inherited) @executable_path/Frameworks";
				PRODUCT_BUNDLE_IDENTIFIER = "com.oguzdoger.Color-Make-App--with-Sliders-";
				PRODUCT_NAME = "$(TARGET_NAME)";
				SWIFT_VERSION = 4.0;
				TARGETED_DEVICE_FAMILY = "1,2";
			};
			name = Debug;
		};
		124759F11FCADDCC00849586 /* Release */ = {
			isa = XCBuildConfiguration;
			buildSettings = {
				ASSETCATALOG_COMPILER_APPICON_NAME = AppIcon;
				DEVELOPMENT_TEAM = JN3XMLGCJ3;
				INFOPLIST_FILE = "Color Make App (with Sliders)/Info.plist";
				LD_RUNPATH_SEARCH_PATHS = "$(inherited) @executable_path/Frameworks";
				PRODUCT_BUNDLE_IDENTIFIER = "com.oguzdoger.Color-Make-App--with-Sliders-";
				PRODUCT_NAME = "$(TARGET_NAME)";
				SWIFT_VERSION = 4.0;
				TARGETED_DEVICE_FAMILY = "1,2";
			};
			name = Release;
		};
/* End XCBuildConfiguration section */

/* Begin XCConfigurationList section */
		124759D81FCADDCC00849586 /* Build configuration list for PBXProject "Color Make App (with Sliders)" */ = {
			isa = XCConfigurationList;
			buildConfigurations = (
				124759ED1FCADDCC00849586 /* Debug */,
				124759EE1FCADDCC00849586 /* Release */,
			);
			defaultConfigurationIsVisible = 0;
			defaultConfigurationName = Release;
		};
		124759EF1FCADDCC00849586 /* Build configuration list for PBXNativeTarget "Color Make App (with Sliders)" */ = {
			isa = XCConfigurationList;
			buildConfigurations = (
				124759F01FCADDCC00849586 /* Debug */,
				124759F11FCADDCC00849586 /* Release */,
			);
			defaultConfigurationIsVisible = 0;
			defaultConfigurationName = Release;
		};
/* End XCConfigurationList section */
	};
	rootObject = 124759D51FCADDCC00849586 /* Project object */;
}
